# THIS IS AN AUTOGENERATED FILE. DO NOT EDIT THIS FILE DIRECTLY.
# yarn lockfile v1


"@antfu/utils@^0.3.0":
  version "0.3.0"
  resolved "http://r.npm.sankuai.com/@antfu/utils/download/@antfu/utils-0.3.0.tgz"
  integrity sha1-YwbEO1Kog72Olz4+2N1kJIQYvMQ=
  dependencies:
    "@types/throttle-debounce" "^2.1.0"

"@babel/helper-validator-identifier@^7.15.7":
  version "7.15.7"
  resolved "http://r.npm.sankuai.com/@babel/helper-validator-identifier/download/@babel/helper-validator-identifier-7.15.7.tgz"
  integrity sha1-Ig35k7/pBKSmsCq08zhaXr9uI4k=

"@babel/parser@^7.16.4", "@babel/parser@^7.6.0", "@babel/parser@^7.9.6":
  version "7.16.4"
  resolved "http://r.npm.sankuai.com/@babel/parser/download/@babel/parser-7.16.4.tgz"
  integrity sha1-1fkvV88sdP/ps3mBwOcv7nMRNy4=

"@babel/types@^7.6.1", "@babel/types@^7.9.6":
  version "7.16.0"
  resolved "http://r.npm.sankuai.com/@babel/types/download/@babel/types-7.16.0.tgz"
  integrity sha1-2zsxOAT5aq3Qt3bEgj4SetZyibo=
  dependencies:
    "@babel/helper-validator-identifier" "^7.15.7"
    to-fast-properties "^2.0.0"

"@element-plus/icons-vue@^0.2.2", "@element-plus/icons-vue@^0.2.4":
  version "0.2.4"
  resolved "http://r.npm.sankuai.com/@element-plus/icons-vue/download/@element-plus/icons-vue-0.2.4.tgz#dadcf72f0cea53dc83b7b7db80e1418716d7b02c"
  integrity sha1-2tz3LwzqU9yDt7fbgOFBhxbXsCw=

"@emmetio/abbreviation@^2.2.2":
  version "2.2.2"
  resolved "http://r.npm.sankuai.com/@emmetio/abbreviation/download/@emmetio/abbreviation-2.2.2.tgz"
  integrity sha1-dGdi/Z56jC6mBPWAxi48/iUOaYk=
  dependencies:
    "@emmetio/scanner" "^1.0.0"

"@emmetio/css-abbreviation@^2.1.4":
  version "2.1.4"
  resolved "http://r.npm.sankuai.com/@emmetio/css-abbreviation/download/@emmetio/css-abbreviation-2.1.4.tgz"
  integrity sha1-kDYuihEizjt29sMVeQfTAYL1P1Q=
  dependencies:
    "@emmetio/scanner" "^1.0.0"

"@emmetio/scanner@^1.0.0":
  version "1.0.0"
  resolved "http://r.npm.sankuai.com/@emmetio/scanner/download/@emmetio/scanner-1.0.0.tgz"
  integrity sha1-Blsq9iM/50dNRII+PeuJckr0K18=

"@nodelib/fs.scandir@2.1.5":
  version "2.1.5"
  resolved "http://r.npm.sankuai.com/@nodelib/fs.scandir/download/@nodelib/fs.scandir-2.1.5.tgz"
  integrity sha1-dhnC6yGyVIP20WdUi0z9WnSIw9U=
  dependencies:
    "@nodelib/fs.stat" "2.0.5"
    run-parallel "^1.1.9"

"@nodelib/fs.stat@2.0.5", "@nodelib/fs.stat@^2.0.2":
  version "2.0.5"
  resolved "http://r.npm.sankuai.com/@nodelib/fs.stat/download/@nodelib/fs.stat-2.0.5.tgz"
  integrity sha1-W9Jir5Tp0lvR5xsF3u1Eh2oiLos=

"@nodelib/fs.walk@^1.2.3":
  version "1.2.8"
  resolved "http://r.npm.sankuai.com/@nodelib/fs.walk/download/@nodelib/fs.walk-1.2.8.tgz"
  integrity sha1-6Vc36LtnRt3t9pxVaVNJTxlv5po=
  dependencies:
    "@nodelib/fs.scandir" "2.1.5"
    fastq "^1.6.0"

"@popperjs/core@^2.10.2":
  version "2.11.0"
  resolved "http://r.npm.sankuai.com/@popperjs/core/download/@popperjs/core-2.11.0.tgz#6734f8ebc106a0860dff7f92bf90df193f0935d7"
  integrity sha1-ZzT468EGoIYN/3+Sv5DfGT8JNdc=

"@rollup/pluginutils@^4.1.1":
  version "4.1.2"
  resolved "http://r.npm.sankuai.com/@rollup/pluginutils/download/@rollup/pluginutils-4.1.2.tgz"
  integrity sha1-7VghwV5eBeMoFvX7nsYHzfWnV1E=
  dependencies:
    estree-walker "^2.0.1"
    picomatch "^2.2.2"

"@types/throttle-debounce@^2.1.0":
  version "2.1.0"
  resolved "http://r.npm.sankuai.com/@types/throttle-debounce/download/@types/throttle-debounce-2.1.0.tgz"
  integrity sha1-HD32JL/Eti+ZLTASuExW1B6rN3Y=

"@vitejs/plugin-vue@^2.0.0":
  version "2.0.0"
  resolved "http://r.npm.sankuai.com/@vitejs/plugin-vue/download/@vitejs/plugin-vue-2.0.0.tgz"
  integrity sha1-W1h5yuRPSIdBltAYITvx26yo9Oo=

"@volar/code-gen@0.29.8":
  version "0.29.8"
  resolved "http://r.npm.sankuai.com/@volar/code-gen/download/@volar/code-gen-0.29.8.tgz"
  integrity sha1-2xpL8pyuuhMSZb7Z2+lqGgtm6jU=
  dependencies:
    "@volar/shared" "0.29.8"
    "@volar/source-map" "0.29.8"

"@volar/html2pug@0.29.8":
  version "0.29.8"
  resolved "http://r.npm.sankuai.com/@volar/html2pug/download/@volar/html2pug-0.29.8.tgz"
  integrity sha1-Lpf6KWjc3+DbvGewzSq0xEABhzg=
  dependencies:
    domelementtype "^2.2.0"
    domhandler "^4.2.2"
    htmlparser2 "^7.1.2"
    pug "^3.0.2"

"@volar/shared@0.29.8":
  version "0.29.8"
  resolved "http://r.npm.sankuai.com/@volar/shared/download/@volar/shared-0.29.8.tgz"
  integrity sha1-5jXd8svPMH2pMutLmOM8Mg09KZE=
  dependencies:
    upath "^2.0.1"
    vscode-jsonrpc "^8.0.0-next.2"
    vscode-uri "^3.0.2"

"@volar/source-map@0.29.8":
  version "0.29.8"
  resolved "http://r.npm.sankuai.com/@volar/source-map/download/@volar/source-map-0.29.8.tgz"
  integrity sha1-MpmgroauC3K02z5QSZ2LsoXY6bI=
  dependencies:
    "@volar/shared" "0.29.8"

"@volar/transforms@0.29.8":
  version "0.29.8"
  resolved "http://r.npm.sankuai.com/@volar/transforms/download/@volar/transforms-0.29.8.tgz"
  integrity sha1-74BwEKyQdyoGXnz1BQm2QztT41U=
  dependencies:
    "@volar/shared" "0.29.8"
    vscode-languageserver "^8.0.0-next.2"

"@volar/vue-code-gen@0.29.8":
  version "0.29.8"
  resolved "http://r.npm.sankuai.com/@volar/vue-code-gen/download/@volar/vue-code-gen-0.29.8.tgz"
  integrity sha1-MkAdUuJXDXdfzGy8g6vv7vZcSM0=
  dependencies:
    "@volar/code-gen" "0.29.8"
    "@volar/shared" "0.29.8"
    "@volar/source-map" "0.29.8"
    "@vue/compiler-core" "^3.2.21"
    "@vue/compiler-dom" "^3.2.21"
    "@vue/shared" "^3.2.21"
    upath "^2.0.1"

"@vscode/emmet-helper@^2.8.0":
  version "2.8.2"
  resolved "http://r.npm.sankuai.com/@vscode/emmet-helper/download/@vscode/emmet-helper-2.8.2.tgz"
  integrity sha1-myzk/dYs8/2kXPivZ8ASz85V7ck=
  dependencies:
    emmet "^2.3.0"
    jsonc-parser "^2.3.0"
    vscode-languageserver-textdocument "^1.0.1"
    vscode-languageserver-types "^3.15.1"
    vscode-nls "^5.0.0"
    vscode-uri "^2.1.2"

"@vue/compiler-core@3.2.26", "@vue/compiler-core@^3.2.21":
  version "3.2.26"
  resolved "http://r.npm.sankuai.com/@vue/compiler-core/download/@vue/compiler-core-3.2.26.tgz"
  integrity sha1-mrkq5iTaUfe2Bk9GecLUVk9DfMg=
  dependencies:
    "@babel/parser" "^7.16.4"
    "@vue/shared" "3.2.26"
    estree-walker "^2.0.2"
    source-map "^0.6.1"

"@vue/compiler-dom@3.2.26", "@vue/compiler-dom@^3.2.21":
  version "3.2.26"
  resolved "http://r.npm.sankuai.com/@vue/compiler-dom/download/@vue/compiler-dom-3.2.26.tgz"
  integrity sha1-x6e1XVCnt5gd1E/CghHfFFBIJmc=
  dependencies:
    "@vue/compiler-core" "3.2.26"
    "@vue/shared" "3.2.26"

"@vue/compiler-sfc@3.2.26":
  version "3.2.26"
  resolved "http://r.npm.sankuai.com/@vue/compiler-sfc/download/@vue/compiler-sfc-3.2.26.tgz"
  integrity sha1-POdmd+SqWDEWVaO+qescuATSJz8=
  dependencies:
    "@babel/parser" "^7.16.4"
    "@vue/compiler-core" "3.2.26"
    "@vue/compiler-dom" "3.2.26"
    "@vue/compiler-ssr" "3.2.26"
    "@vue/reactivity-transform" "3.2.26"
    "@vue/shared" "3.2.26"
    estree-walker "^2.0.2"
    magic-string "^0.25.7"
    postcss "^8.1.10"
    source-map "^0.6.1"

"@vue/compiler-ssr@3.2.26":
  version "3.2.26"
  resolved "http://r.npm.sankuai.com/@vue/compiler-ssr/download/@vue/compiler-ssr-3.2.26.tgz"
  integrity sha1-/QSVIzQfv0q16I4l7vVm2GKJS6c=
  dependencies:
    "@vue/compiler-dom" "3.2.26"
    "@vue/shared" "3.2.26"

"@vue/devtools-api@^6.0.0-beta.18":
  version "6.0.0-beta.20.1"
  resolved "http://r.npm.sankuai.com/@vue/devtools-api/download/@vue/devtools-api-6.0.0-beta.20.1.tgz"
  integrity sha1-W0mWR+kpw1uvKmajmVePmqRgEUI=

"@vue/reactivity-transform@3.2.26":
  version "3.2.26"
  resolved "http://r.npm.sankuai.com/@vue/reactivity-transform/download/@vue/reactivity-transform-3.2.26.tgz"
  integrity sha1-bY8gpKotGXKPJd6ZlirdvnxNA+k=
  dependencies:
    "@babel/parser" "^7.16.4"
    "@vue/compiler-core" "3.2.26"
    "@vue/shared" "3.2.26"
    estree-walker "^2.0.2"
    magic-string "^0.25.7"

"@vue/reactivity@3.2.26", "@vue/reactivity@^3.2.21":
  version "3.2.26"
  resolved "http://r.npm.sankuai.com/@vue/reactivity/download/@vue/reactivity-3.2.26.tgz"
  integrity sha1-1SkZHlgVIcPBLinvmG1MipM6D4M=
  dependencies:
    "@vue/shared" "3.2.26"

"@vue/runtime-core@3.2.26":
  version "3.2.26"
  resolved "http://r.npm.sankuai.com/@vue/runtime-core/download/@vue/runtime-core-3.2.26.tgz"
  integrity sha1-XFnMRA7Xo5ttvUwC4tIcjRmI8N4=
  dependencies:
    "@vue/reactivity" "3.2.26"
    "@vue/shared" "3.2.26"

"@vue/runtime-dom@3.2.26":
  version "3.2.26"
  resolved "http://r.npm.sankuai.com/@vue/runtime-dom/download/@vue/runtime-dom-3.2.26.tgz"
  integrity sha1-hNOuJYRIh0dxfC4HLV2REsDS5sI=
  dependencies:
    "@vue/runtime-core" "3.2.26"
    "@vue/shared" "3.2.26"
    csstype "^2.6.8"

"@vue/server-renderer@3.2.26":
  version "3.2.26"
  resolved "http://r.npm.sankuai.com/@vue/server-renderer/download/@vue/server-renderer-3.2.26.tgz"
  integrity sha1-8WpLn7zJF0F7TOpwyZr84nATQc8=
  dependencies:
    "@vue/compiler-ssr" "3.2.26"
    "@vue/shared" "3.2.26"

"@vue/shared@3.2.26", "@vue/shared@^3.2.21":
  version "3.2.26"
  resolved "http://r.npm.sankuai.com/@vue/shared/download/@vue/shared-3.2.26.tgz"
  integrity sha1-es0WIXg1cbmoLsofBBtKCpg0gdk=

"@vueuse/core@^7.0.0":
  version "7.4.0"
  resolved "http://r.npm.sankuai.com/@vueuse/core/download/@vueuse/core-7.4.0.tgz#dca848b9b2209d94142f2ec0baad4ee00455262c"
  integrity sha1-3KhIubIgnZQULy7Auq1O4ARVJiw=
  dependencies:
    "@vueuse/shared" "7.4.0"
    vue-demi "*"

"@vueuse/shared@7.4.0":
  version "7.4.0"
  resolved "http://r.npm.sankuai.com/@vueuse/shared/download/@vueuse/shared-7.4.0.tgz#8f0767c4f7b89112c1b34accec44a6c8625ce085"
  integrity sha1-jwdnxPe4kRLBs0rM7ESmyGJc4IU=
  dependencies:
    vue-demi "*"

acorn@^7.1.1:
  version "7.4.1"
  resolved "http://r.npm.sankuai.com/acorn/download/acorn-7.4.1.tgz"
  integrity sha1-/q7SVZc9LndVW4PbwIhRpsY1IPo=

anymatch@~3.1.2:
  version "3.1.2"
  resolved "http://r.npm.sankuai.com/anymatch/download/anymatch-3.1.2.tgz"
  integrity sha1-wFV8CWrzLxBhmPT04qODU343hxY=
  dependencies:
    normalize-path "^3.0.0"
    picomatch "^2.0.4"

asap@~2.0.3:
  version "2.0.6"
  resolved "http://r.npm.sankuai.com/asap/download/asap-2.0.6.tgz"
  integrity sha1-5QNHYR1+aQlDIIu9r+vLwvuGbUY=

assert-never@^1.2.1:
  version "1.2.1"
  resolved "http://r.npm.sankuai.com/assert-never/download/assert-never-1.2.1.tgz"
  integrity sha1-EfDjY78UYgX7CBk7XHuQ9NHPRP4=

async-validator@^4.0.7:
  version "4.0.7"
  resolved "http://r.npm.sankuai.com/async-validator/download/async-validator-4.0.7.tgz#034a0fd2103a6b2ebf010da75183bec299247afe"
  integrity sha1-A0oP0hA6ay6/AQ2nUYO+wpkkev4=

axios@^0.24.0:
  version "0.24.0"
  resolved "http://r.npm.sankuai.com/axios/download/axios-0.24.0.tgz"
  integrity sha1-gE5voeS5xSiFAd2d/1anoJQNINY=
  dependencies:
    follow-redirects "^1.14.4"

babel-walk@3.0.0-canary-5:
  version "3.0.0-canary-5"
  resolved "http://r.npm.sankuai.com/babel-walk/download/babel-walk-3.0.0-canary-5.tgz"
  integrity sha1-9m7Ncpg1eu5ElV8jWm71QhkQSxE=
  dependencies:
    "@babel/types" "^7.9.6"

balanced-match@^1.0.0:
  version "1.0.2"
  resolved "http://r.npm.sankuai.com/balanced-match/download/balanced-match-1.0.2.tgz"
  integrity sha1-6D46fj8wCzTLnYf2FfoMvzV2kO4=

binary-extensions@^2.0.0:
  version "2.2.0"
  resolved "http://r.npm.sankuai.com/binary-extensions/download/binary-extensions-2.2.0.tgz"
  integrity sha1-dfUC7q+f/eQvyYgpZFvk6na9ni0=

brace-expansion@^1.1.7:
  version "1.1.11"
  resolved "http://r.npm.sankuai.com/brace-expansion/download/brace-expansion-1.1.11.tgz"
  integrity sha1-PH/L9SnYcibz0vUrlm/1Jx60Qd0=
  dependencies:
    balanced-match "^1.0.0"
    concat-map "0.0.1"

braces@^3.0.1, braces@~3.0.2:
  version "3.0.2"
  resolved "http://r.npm.sankuai.com/braces/download/braces-3.0.2.tgz"
  integrity sha1-NFThpGLujVmeI23zNs2epPiv4Qc=
  dependencies:
    fill-range "^7.0.1"

builtins@^4.0.0:
  version "4.0.0"
  resolved "http://r.npm.sankuai.com/builtins/download/builtins-4.0.0.tgz"
  integrity sha1-qDRUIN6CBo/cTWVZ0EVkA6j7GQU=
  dependencies:
    semver "^7.0.0"

call-bind@^1.0.2:
  version "1.0.2"
  resolved "http://r.npm.sankuai.com/call-bind/download/call-bind-1.0.2.tgz"
  integrity sha1-sdTonmiBGcPJqQOtMKuy9qkZvjw=
  dependencies:
    function-bind "^1.1.1"
    get-intrinsic "^1.0.2"

character-parser@^2.2.0:
  version "2.2.0"
  resolved "http://r.npm.sankuai.com/character-parser/download/character-parser-2.2.0.tgz"
  integrity sha1-x84o821LzZdE5f/CxfzeHHMmH8A=
  dependencies:
    is-regex "^1.0.3"

"chokidar@>=3.0.0 <4.0.0", chokidar@^3.5.2:
  version "3.5.2"
  resolved "http://r.npm.sankuai.com/chokidar/download/chokidar-3.5.2.tgz"
  integrity sha1-26OXb8rbAW9m/TZQIdkWANAcHnU=
  dependencies:
    anymatch "~3.1.2"
    braces "~3.0.2"
    glob-parent "~5.1.2"
    is-binary-path "~2.1.0"
    is-glob "~4.0.1"
    normalize-path "~3.0.0"
    readdirp "~3.6.0"
  optionalDependencies:
    fsevents "~2.3.2"

concat-map@0.0.1:
  version "0.0.1"
  resolved "http://r.npm.sankuai.com/concat-map/download/concat-map-0.0.1.tgz"
  integrity sha1-2Klr13/Wjfd5OnMDajug1UBdR3s=

constantinople@^4.0.1:
  version "4.0.1"
  resolved "http://r.npm.sankuai.com/constantinople/download/constantinople-4.0.1.tgz"
  integrity sha1-De8RP6Dk3I3oMzGlz3nIsyUhMVE=
  dependencies:
    "@babel/parser" "^7.6.0"
    "@babel/types" "^7.6.1"

csstype@^2.6.8:
  version "2.6.19"
  resolved "http://r.npm.sankuai.com/csstype/download/csstype-2.6.19.tgz"
  integrity sha1-/utarokCC7OJ4fY2aaXtSQ45HKo=

dayjs@^1.10.7:
  version "1.10.7"
  resolved "http://r.npm.sankuai.com/dayjs/download/dayjs-1.10.7.tgz#2cf5f91add28116748440866a0a1d26f3a6ce468"
  integrity sha1-LPX5Gt0oEWdIRAhmoKHSbzps5Gg=

debug@^4.3.2:
  version "4.3.3"
  resolved "http://r.npm.sankuai.com/debug/download/debug-4.3.3.tgz"
  integrity sha1-BCZuC3CpjURi5uKI44JZITMytmQ=
  dependencies:
    ms "2.1.2"

doctypes@^1.1.0:
  version "1.1.0"
  resolved "http://r.npm.sankuai.com/doctypes/download/doctypes-1.1.0.tgz"
  integrity sha1-6oCxBqh1OHdOijpKWv4pPeSJ4Kk=

dom-serializer@^1.0.1:
  version "1.3.2"
  resolved "http://r.npm.sankuai.com/dom-serializer/download/dom-serializer-1.3.2.tgz"
  integrity sha1-YgZDfTLO767HFhgDIwx6ILwbTZE=
  dependencies:
    domelementtype "^2.0.1"
    domhandler "^4.2.0"
    entities "^2.0.0"

domelementtype@^2.0.1, domelementtype@^2.2.0:
  version "2.2.0"
  resolved "http://r.npm.sankuai.com/domelementtype/download/domelementtype-2.2.0.tgz"
  integrity sha1-mgtsJ4LtahxzI9QiZxg9+b2LHVc=

domhandler@^4.2.0, domhandler@^4.2.2:
  version "4.3.0"
  resolved "http://r.npm.sankuai.com/domhandler/download/domhandler-4.3.0.tgz"
  integrity sha1-FsZYxibPlmln4wb5ZrQx931KViY=
  dependencies:
    domelementtype "^2.2.0"

domutils@^2.8.0:
  version "2.8.0"
  resolved "http://r.npm.sankuai.com/domutils/download/domutils-2.8.0.tgz"
  integrity sha1-RDfe9dtuLR9dbuhZvZXKfQIEgTU=
  dependencies:
    dom-serializer "^1.0.1"
    domelementtype "^2.2.0"
    domhandler "^4.2.0"

element-plus@^1.2.0-beta.6:
  version "1.2.0-beta.6"
  resolved "http://r.npm.sankuai.com/element-plus/download/element-plus-1.2.0-beta.6.tgz#9fa01a06950eb0380f0454cb75aefaaf5b81b043"
  integrity sha1-n6AaBpUOsDgPBFTLda76r1uBsEM=
  dependencies:
    "@element-plus/icons-vue" "^0.2.2"
    "@popperjs/core" "^2.10.2"
    "@vueuse/core" "^7.0.0"
    async-validator "^4.0.7"
    dayjs "^1.10.7"
    lodash "^4.17.21"
    memoize-one "^6.0.0"
    normalize-wheel-es "^1.1.1"

emmet@^2.3.0:
  version "2.3.4"
  resolved "http://r.npm.sankuai.com/emmet/download/emmet-2.3.4.tgz"
  integrity sha1-W6DXpVaaaMdpffqJDHcuTzF50SM=
  dependencies:
    "@emmetio/abbreviation" "^2.2.2"
    "@emmetio/css-abbreviation" "^2.1.4"

entities@^2.0.0:
  version "2.2.0"
  resolved "http://r.npm.sankuai.com/entities/download/entities-2.2.0.tgz"
  integrity sha1-CY3JDruD2N/6CJ1VJWs1HTTE2lU=

entities@^3.0.1:
  version "3.0.1"
  resolved "http://r.npm.sankuai.com/entities/download/entities-3.0.1.tgz"
  integrity sha1-K4h8piWF6W2zkDSC0zbBAGwwAdQ=

es-module-lexer@^0.9.3:
  version "0.9.3"
  resolved "http://r.npm.sankuai.com/es-module-lexer/download/es-module-lexer-0.9.3.tgz#6f13db00cc38417137daf74366f535c8eb438f19"
  integrity sha1-bxPbAMw4QXE32vdDZvU1yOtDjxk=

esbuild-android-arm64@0.13.15:
  version "0.13.15"
  resolved "http://r.npm.sankuai.com/esbuild-android-arm64/download/esbuild-android-arm64-0.13.15.tgz#3fc3ff0bab76fe35dd237476b5d2b32bb20a3d44"
  integrity sha1-P8P/C6t2/jXdI3R2tdKzK7IKPUQ=

esbuild-darwin-64@0.13.15:
  version "0.13.15"
  resolved "http://r.npm.sankuai.com/esbuild-darwin-64/download/esbuild-darwin-64-0.13.15.tgz"
  integrity sha1-jpFpwWuvRE6s7GDQmyTRGyVajnI=

esbuild-darwin-arm64@0.13.15:
  version "0.13.15"
  resolved "http://r.npm.sankuai.com/esbuild-darwin-arm64/download/esbuild-darwin-arm64-0.13.15.tgz#1b07f893b632114f805e188ddfca41b2b778229a"
  integrity sha1-Gwf4k7YyEU+AXhiN38pBsrd4Ipo=

esbuild-freebsd-64@0.13.15:
  version "0.13.15"
  resolved "http://r.npm.sankuai.com/esbuild-freebsd-64/download/esbuild-freebsd-64-0.13.15.tgz#0b8b7eca1690c8ec94c75680c38c07269c1f4a85"
  integrity sha1-C4t+yhaQyOyUx1aAw4wHJpwfSoU=

esbuild-freebsd-arm64@0.13.15:
  version "0.13.15"
  resolved "http://r.npm.sankuai.com/esbuild-freebsd-arm64/download/esbuild-freebsd-arm64-0.13.15.tgz#2e1a6c696bfdcd20a99578b76350b41db1934e52"
  integrity sha1-LhpsaWv9zSCplXi3Y1C0HbGTTlI=

esbuild-linux-32@0.13.15:
  version "0.13.15"
  resolved "http://r.npm.sankuai.com/esbuild-linux-32/download/esbuild-linux-32-0.13.15.tgz#6fd39f36fc66dd45b6b5f515728c7bbebc342a69"
  integrity sha1-b9OfNvxm3UW2tfUVcox7vrw0Kmk=

esbuild-linux-64@0.13.15:
  version "0.13.15"
  resolved "http://r.npm.sankuai.com/esbuild-linux-64/download/esbuild-linux-64-0.13.15.tgz#9cb8e4bcd7574e67946e4ee5f1f1e12386bb6dd3"
  integrity sha1-nLjkvNdXTmeUbk7l8fHhI4a7bdM=

esbuild-linux-arm64@0.13.15:
  version "0.13.15"
  resolved "http://r.npm.sankuai.com/esbuild-linux-arm64/download/esbuild-linux-arm64-0.13.15.tgz#3891aa3704ec579a1b92d2a586122e5b6a2bfba1"
  integrity sha1-OJGqNwTsV5obktKlhhIuW2or+6E=

esbuild-linux-arm@0.13.15:
  version "0.13.15"
  resolved "http://r.npm.sankuai.com/esbuild-linux-arm/download/esbuild-linux-arm-0.13.15.tgz#8a00e99e6a0c6c9a6b7f334841364d8a2b4aecfe"
  integrity sha1-igDpnmoMbJprfzNIQTZNiitK7P4=

esbuild-linux-mips64le@0.13.15:
  version "0.13.15"
  resolved "http://r.npm.sankuai.com/esbuild-linux-mips64le/download/esbuild-linux-mips64le-0.13.15.tgz#36b07cc47c3d21e48db3bb1f4d9ef8f46aead4f7"
  integrity sha1-NrB8xHw9IeSNs7sfTZ749Grq1Pc=

esbuild-linux-ppc64le@0.13.15:
  version "0.13.15"
  resolved "http://r.npm.sankuai.com/esbuild-linux-ppc64le/download/esbuild-linux-ppc64le-0.13.15.tgz#f7e6bba40b9a11eb9dcae5b01550ea04670edad2"
  integrity sha1-9+a7pAuaEeudyuWwFVDqBGcO2tI=

esbuild-netbsd-64@0.13.15:
  version "0.13.15"
  resolved "http://r.npm.sankuai.com/esbuild-netbsd-64/download/esbuild-netbsd-64-0.13.15.tgz#a2fedc549c2b629d580a732d840712b08d440038"
  integrity sha1-ov7cVJwrYp1YCnMthAcSsI1EADg=

esbuild-openbsd-64@0.13.15:
  version "0.13.15"
  resolved "http://r.npm.sankuai.com/esbuild-openbsd-64/download/esbuild-openbsd-64-0.13.15.tgz#b22c0e5806d3a1fbf0325872037f885306b05cd7"
  integrity sha1-siwOWAbTofvwMlhyA3+IUwawXNc=

esbuild-sunos-64@0.13.15:
  version "0.13.15"
  resolved "http://r.npm.sankuai.com/esbuild-sunos-64/download/esbuild-sunos-64-0.13.15.tgz#d0b6454a88375ee8d3964daeff55c85c91c7cef4"
  integrity sha1-0LZFSog3XujTlk2u/1XIXJHHzvQ=

esbuild-windows-32@0.13.15:
  version "0.13.15"
  resolved "http://r.npm.sankuai.com/esbuild-windows-32/download/esbuild-windows-32-0.13.15.tgz#c96d0b9bbb52f3303322582ef8e4847c5ad375a7"
  integrity sha1-yW0Lm7tS8zAzIlgu+OSEfFrTdac=

esbuild-windows-64@0.13.15:
  version "0.13.15"
  resolved "http://r.npm.sankuai.com/esbuild-windows-64/download/esbuild-windows-64-0.13.15.tgz#1f79cb9b1e1bb02fb25cd414cb90d4ea2892c294"
  integrity sha1-H3nLmx4bsC+yXNQUy5DU6iiSwpQ=

esbuild-windows-arm64@0.13.15:
  version "0.13.15"
  resolved "http://r.npm.sankuai.com/esbuild-windows-arm64/download/esbuild-windows-arm64-0.13.15.tgz#482173070810df22a752c686509c370c3be3b3c3"
  integrity sha1-SCFzBwgQ3yKnUsaGUJw3DDvjs8M=

esbuild@^0.13.12:
  version "0.13.15"
  resolved "http://r.npm.sankuai.com/esbuild/download/esbuild-0.13.15.tgz"
  integrity sha1-21aogWbuNz+H27LYeY/0SeBFDN8=
  optionalDependencies:
    esbuild-android-arm64 "0.13.15"
    esbuild-darwin-64 "0.13.15"
    esbuild-darwin-arm64 "0.13.15"
    esbuild-freebsd-64 "0.13.15"
    esbuild-freebsd-arm64 "0.13.15"
    esbuild-linux-32 "0.13.15"
    esbuild-linux-64 "0.13.15"
    esbuild-linux-arm "0.13.15"
    esbuild-linux-arm64 "0.13.15"
    esbuild-linux-mips64le "0.13.15"
    esbuild-linux-ppc64le "0.13.15"
    esbuild-netbsd-64 "0.13.15"
    esbuild-openbsd-64 "0.13.15"
    esbuild-sunos-64 "0.13.15"
    esbuild-windows-32 "0.13.15"
    esbuild-windows-64 "0.13.15"
    esbuild-windows-arm64 "0.13.15"

estree-walker@^2.0.1, estree-walker@^2.0.2:
  version "2.0.2"
  resolved "http://r.npm.sankuai.com/estree-walker/download/estree-walker-2.0.2.tgz"
  integrity sha1-UvAQF4wqTBF6d1fP6UKtt9LaTKw=

fast-glob@^3.2.7:
  version "3.2.7"
  resolved "http://r.npm.sankuai.com/fast-glob/download/fast-glob-3.2.7.tgz"
  integrity sha1-/Wy3otfpqnp4RhEehaGW1rL3ZqE=
  dependencies:
    "@nodelib/fs.stat" "^2.0.2"
    "@nodelib/fs.walk" "^1.2.3"
    glob-parent "^5.1.2"
    merge2 "^1.3.0"
    micromatch "^4.0.4"

fastq@^1.6.0:
  version "1.13.0"
  resolved "http://r.npm.sankuai.com/fastq/download/fastq-1.13.0.tgz"
  integrity sha1-YWdg+Ip1Jr38WWt8q4wYk4w2uYw=
  dependencies:
    reusify "^1.0.4"

fill-range@^7.0.1:
  version "7.0.1"
  resolved "http://r.npm.sankuai.com/fill-range/download/fill-range-7.0.1.tgz"
  integrity sha1-GRmmp8df44ssfHflGYU12prN2kA=
  dependencies:
    to-regex-range "^5.0.1"

follow-redirects@^1.14.4:
  version "1.14.6"
  resolved "http://r.npm.sankuai.com/follow-redirects/download/follow-redirects-1.14.6.tgz"
  integrity sha1-jPsoG7wDWzwGfWzZdbD2reboVc0=

fsevents@~2.3.2:
  version "2.3.2"
  resolved "http://r.npm.sankuai.com/fsevents/download/fsevents-2.3.2.tgz"
  integrity sha1-ilJveLj99GI7cJ4Ll1xSwkwC/Ro=

function-bind@^1.1.1:
  version "1.1.1"
  resolved "http://r.npm.sankuai.com/function-bind/download/function-bind-1.1.1.tgz"
  integrity sha1-pWiZ0+o8m6uHS7l3O3xe3pL0iV0=

get-intrinsic@^1.0.2:
  version "1.1.1"
  resolved "http://r.npm.sankuai.com/get-intrinsic/download/get-intrinsic-1.1.1.tgz"
  integrity sha1-FfWfN2+FXERpY5SPDSTNNje0q8Y=
  dependencies:
    function-bind "^1.1.1"
    has "^1.0.3"
    has-symbols "^1.0.1"

glob-parent@^5.1.2, glob-parent@~5.1.2:
  version "5.1.2"
  resolved "http://r.npm.sankuai.com/glob-parent/download/glob-parent-5.1.2.tgz"
  integrity sha1-hpgyxYA0/mikCTwX3BXoNA2EAcQ=
  dependencies:
    is-glob "^4.0.1"

has-symbols@^1.0.1, has-symbols@^1.0.2:
  version "1.0.2"
  resolved "http://r.npm.sankuai.com/has-symbols/download/has-symbols-1.0.2.tgz"
  integrity sha1-Fl0wcMADCXUqEjakeTMeOsVvFCM=

has-tostringtag@^1.0.0:
  version "1.0.0"
  resolved "http://r.npm.sankuai.com/has-tostringtag/download/has-tostringtag-1.0.0.tgz"
  integrity sha1-fhM4GKfTlHNPlB5zw9P5KR5liyU=
  dependencies:
    has-symbols "^1.0.2"

has@^1.0.3:
  version "1.0.3"
  resolved "http://r.npm.sankuai.com/has/download/has-1.0.3.tgz"
  integrity sha1-ci18v8H2qoJB8W3YFOAR4fQeh5Y=
  dependencies:
    function-bind "^1.1.1"

htmlparser2@^7.1.2:
  version "7.2.0"
  resolved "http://r.npm.sankuai.com/htmlparser2/download/htmlparser2-7.2.0.tgz"
  integrity sha1-iBfN6ji7wyQ5KpCxmQkI6Bpl9aU=
  dependencies:
    domelementtype "^2.0.1"
    domhandler "^4.2.2"
    domutils "^2.8.0"
    entities "^3.0.1"

immutable@^4.0.0:
  version "4.0.0"
  resolved "http://r.npm.sankuai.com/immutable/download/immutable-4.0.0.tgz#b86f78de6adef3608395efb269a91462797e2c23"
  integrity sha1-uG943mre82CDle+yaakUYnl+LCM=

import-meta-resolve@^1.1.1:
  version "1.1.1"
  resolved "http://r.npm.sankuai.com/import-meta-resolve/download/import-meta-resolve-1.1.1.tgz"
  integrity sha1-JE/VQv0frnNVDU+LPN47uh17Kxg=
  dependencies:
    builtins "^4.0.0"

is-binary-path@~2.1.0:
  version "2.1.0"
  resolved "http://r.npm.sankuai.com/is-binary-path/download/is-binary-path-2.1.0.tgz"
  integrity sha1-6h9/O4DwZCNug0cPhsCcJU+0Wwk=
  dependencies:
    binary-extensions "^2.0.0"

is-core-module@^2.2.0:
  version "2.8.0"
  resolved "http://r.npm.sankuai.com/is-core-module/download/is-core-module-2.8.0.tgz"
  integrity sha1-AyEzbD0JJeSX/Zf12VyxFKXM1Ug=
  dependencies:
    has "^1.0.3"

is-expression@^4.0.0:
  version "4.0.0"
  resolved "http://r.npm.sankuai.com/is-expression/download/is-expression-4.0.0.tgz"
  integrity sha1-wzFVliq/IdCv0lUlFNZ9LsFv0qs=
  dependencies:
    acorn "^7.1.1"
    object-assign "^4.1.1"

is-extglob@^2.1.1:
  version "2.1.1"
  resolved "http://r.npm.sankuai.com/is-extglob/download/is-extglob-2.1.1.tgz"
  integrity sha1-qIwCU1eR8C7TfHahueqXc8gz+MI=

is-glob@^4.0.1, is-glob@~4.0.1:
  version "4.0.3"
  resolved "http://r.npm.sankuai.com/is-glob/download/is-glob-4.0.3.tgz"
  integrity sha1-ZPYeQsu7LuwgcanawLKLoeZdUIQ=
  dependencies:
    is-extglob "^2.1.1"

is-number@^7.0.0:
  version "7.0.0"
  resolved "http://r.npm.sankuai.com/is-number/download/is-number-7.0.0.tgz"
  integrity sha1-dTU0W4lnNNX4DE0GxQlVUnoU8Ss=

is-promise@^2.0.0:
  version "2.2.2"
  resolved "http://r.npm.sankuai.com/is-promise/download/is-promise-2.2.2.tgz"
  integrity sha1-OauVnMv5p3TPB597QMeib3YxNfE=

is-regex@^1.0.3:
  version "1.1.4"
  resolved "http://r.npm.sankuai.com/is-regex/download/is-regex-1.1.4.tgz"
  integrity sha1-7vVmPNWfpMCuM5UFMj32hUuxWVg=
  dependencies:
    call-bind "^1.0.2"
    has-tostringtag "^1.0.0"

js-stringify@^1.0.2:
  version "1.0.2"
  resolved "http://r.npm.sankuai.com/js-stringify/download/js-stringify-1.0.2.tgz"
  integrity sha1-Fzb939lyTyijaCrcYjCufk6Weds=

jsonc-parser@^2.3.0:
  version "2.3.1"
  resolved "http://r.npm.sankuai.com/jsonc-parser/download/jsonc-parser-2.3.1.tgz"
  integrity sha1-WVSRULEz8u+sykj+nOHsBlmvI0I=

jsonc-parser@^3.0.0:
  version "3.0.0"
  resolved "http://r.npm.sankuai.com/jsonc-parser/download/jsonc-parser-3.0.0.tgz"
  integrity sha1-q914VwHH5+rKip7IzwcMpRp0WiI=

jstransformer@1.0.0:
  version "1.0.0"
  resolved "http://r.npm.sankuai.com/jstransformer/download/jstransformer-1.0.0.tgz"
  integrity sha1-7Yvwkh4vPx7U1cGkT2hwntJHIsM=
  dependencies:
    is-promise "^2.0.0"
    promise "^7.0.1"

local-pkg@^0.4.0:
  version "0.4.0"
  resolved "http://r.npm.sankuai.com/local-pkg/download/local-pkg-0.4.0.tgz"
  integrity sha1-5iIRcYE9WggS3YT6gP+xyPzABTE=
  dependencies:
    mlly "^0.2.2"

lodash@^4.17.21:
  version "4.17.21"
  resolved "http://r.npm.sankuai.com/lodash/download/lodash-4.17.21.tgz#679591c564c3bffaae8454cf0b3df370c3d6911c"
  integrity sha1-Z5WRxWTDv/quhFTPCz3zcMPWkRw=

lru-cache@^6.0.0:
  version "6.0.0"
  resolved "http://r.npm.sankuai.com/lru-cache/download/lru-cache-6.0.0.tgz"
  integrity sha1-bW/mVw69lqr5D8rR2vo7JWbbOpQ=
  dependencies:
    yallist "^4.0.0"

magic-string@^0.25.7:
  version "0.25.7"
  resolved "http://r.npm.sankuai.com/magic-string/download/magic-string-0.25.7.tgz"
  integrity sha1-P0l9b9NMZpxnmNy4IfLvMfVEUFE=
  dependencies:
    sourcemap-codec "^1.4.4"

memoize-one@^6.0.0:
  version "6.0.0"
  resolved "http://r.npm.sankuai.com/memoize-one/download/memoize-one-6.0.0.tgz#b2591b871ed82948aee4727dc6abceeeac8c1045"
  integrity sha1-slkbhx7YKUiu5HJ9xqvO7qyMEEU=

merge2@^1.3.0:
  version "1.4.1"
  resolved "http://r.npm.sankuai.com/merge2/download/merge2-1.4.1.tgz"
  integrity sha1-Q2iJL4hekHRVpv19xVwMnUBJkK4=

micromatch@^4.0.4:
  version "4.0.4"
  resolved "http://r.npm.sankuai.com/micromatch/download/micromatch-4.0.4.tgz"
  integrity sha1-iW1Rnf6dsl/OlM63pQCRm/iB6/k=
  dependencies:
    braces "^3.0.1"
    picomatch "^2.2.3"

minimatch@^3.0.4:
  version "3.0.4"
  resolved "http://r.npm.sankuai.com/minimatch/download/minimatch-3.0.4.tgz"
  integrity sha1-UWbihkV/AzBgZL5Ul+jbsMPTIIM=
  dependencies:
    brace-expansion "^1.1.7"

mlly@^0.2.2:
  version "0.2.10"
  resolved "http://r.npm.sankuai.com/mlly/download/mlly-0.2.10.tgz"
  integrity sha1-ZFkCyXYdxrXe0XS45xcUf+UuSJM=
  dependencies:
    import-meta-resolve "^1.1.1"

ms@2.1.2:
  version "2.1.2"
  resolved "http://r.npm.sankuai.com/ms/download/ms-2.1.2.tgz"
  integrity sha1-0J0fNXtEP0kzgqjrPM0YOHKuYAk=

nanoid@^3.1.30:
  version "3.1.30"
  resolved "http://r.npm.sankuai.com/nanoid/download/nanoid-3.1.30.tgz"
  integrity sha1-Y/k8xUjSoRPcXfvGO/oJ4rm2Q2I=

normalize-path@^3.0.0, normalize-path@~3.0.0:
  version "3.0.0"
  resolved "http://r.npm.sankuai.com/normalize-path/download/normalize-path-3.0.0.tgz"
  integrity sha1-Dc1p/yOhybEf0JeDFmRKA4ghamU=

normalize-wheel-es@^1.1.1:
  version "1.1.1"
  resolved "http://r.npm.sankuai.com/normalize-wheel-es/download/normalize-wheel-es-1.1.1.tgz#a8096db6a56f94332d884fd8ebeda88f2fc79569"
  integrity sha1-qAlttqVvlDMtiE/Y6+2ojy/HlWk=

object-assign@^4.1.1:
  version "4.1.1"
  resolved "http://r.npm.sankuai.com/object-assign/download/object-assign-4.1.1.tgz"
  integrity sha1-IQmtx5ZYh8/AXLvUQsrIv7s2CGM=

path-parse@^1.0.6:
  version "1.0.7"
  resolved "http://r.npm.sankuai.com/path-parse/download/path-parse-1.0.7.tgz"
  integrity sha1-+8EUtgykKzDZ2vWFjkvWi77bZzU=

picocolors@^1.0.0:
  version "1.0.0"
  resolved "http://r.npm.sankuai.com/picocolors/download/picocolors-1.0.0.tgz"
  integrity sha1-y1vcdP8/UYkiNur3nWi8RFZKuBw=

picomatch@^2.0.4, picomatch@^2.2.1, picomatch@^2.2.2, picomatch@^2.2.3:
  version "2.3.0"
  resolved "http://r.npm.sankuai.com/picomatch/download/picomatch-2.3.0.tgz"
  integrity sha1-8fBh3o9qS/AiiS4tEoI0+5gwKXI=

postcss@^8.1.10, postcss@^8.3.11:
  version "8.4.5"
  resolved "http://r.npm.sankuai.com/postcss/download/postcss-8.4.5.tgz"
  integrity sha1-uuZldk39TG/MJNwP3356oAzHf5U=
  dependencies:
    nanoid "^3.1.30"
    picocolors "^1.0.0"
    source-map-js "^1.0.1"

promise@^7.0.1:
  version "7.3.1"
  resolved "http://r.npm.sankuai.com/promise/download/promise-7.3.1.tgz"
  integrity sha1-BktyYCsY+Q8pGSuLG8QY/9Hr078=
  dependencies:
    asap "~2.0.3"

pug-attrs@^3.0.0:
  version "3.0.0"
  resolved "http://r.npm.sankuai.com/pug-attrs/download/pug-attrs-3.0.0.tgz"
  integrity sha1-sQRR4DSBZeMfrRzCPr3dncc0fEE=
  dependencies:
    constantinople "^4.0.1"
    js-stringify "^1.0.2"
    pug-runtime "^3.0.0"

pug-code-gen@^3.0.2:
  version "3.0.2"
  resolved "http://r.npm.sankuai.com/pug-code-gen/download/pug-code-gen-3.0.2.tgz"
  integrity sha1-rRkPSUMTO/GGtguA3kgxAOEy4s4=
  dependencies:
    constantinople "^4.0.1"
    doctypes "^1.1.0"
    js-stringify "^1.0.2"
    pug-attrs "^3.0.0"
    pug-error "^2.0.0"
    pug-runtime "^3.0.0"
    void-elements "^3.1.0"
    with "^7.0.0"

pug-error@^2.0.0:
  version "2.0.0"
  resolved "http://r.npm.sankuai.com/pug-error/download/pug-error-2.0.0.tgz"
  integrity sha1-XGIXPLCcNN4qLOBPF7it/sdNjKU=

pug-filters@^4.0.0:
  version "4.0.0"
  resolved "http://r.npm.sankuai.com/pug-filters/download/pug-filters-4.0.0.tgz"
  integrity sha1-0+Sa9bqEcum3pm2YDnB86dLMm14=
  dependencies:
    constantinople "^4.0.1"
    jstransformer "1.0.0"
    pug-error "^2.0.0"
    pug-walk "^2.0.0"
    resolve "^1.15.1"

pug-lexer@^5.0.1:
  version "5.0.1"
  resolved "http://r.npm.sankuai.com/pug-lexer/download/pug-lexer-5.0.1.tgz"
  integrity sha1-rkRijFvvmxkLZlaDsojKkCS4sNU=
  dependencies:
    character-parser "^2.2.0"
    is-expression "^4.0.0"
    pug-error "^2.0.0"

pug-linker@^4.0.0:
  version "4.0.0"
  resolved "http://r.npm.sankuai.com/pug-linker/download/pug-linker-4.0.0.tgz"
  integrity sha1-EsvAWU/Fo+Brn8Web5PBRpYqdwg=
  dependencies:
    pug-error "^2.0.0"
    pug-walk "^2.0.0"

pug-load@^3.0.0:
  version "3.0.0"
  resolved "http://r.npm.sankuai.com/pug-load/download/pug-load-3.0.0.tgz"
  integrity sha1-n9nNpSICsIrbEdJWgfufNL1BtmI=
  dependencies:
    object-assign "^4.1.1"
    pug-walk "^2.0.0"

pug-parser@^6.0.0:
  version "6.0.0"
  resolved "http://r.npm.sankuai.com/pug-parser/download/pug-parser-6.0.0.tgz"
  integrity sha1-qP3ANYY6lbLB3F6/Ts+AtOdqEmA=
  dependencies:
    pug-error "^2.0.0"
    token-stream "1.0.0"

pug-runtime@^3.0.0, pug-runtime@^3.0.1:
  version "3.0.1"
  resolved "http://r.npm.sankuai.com/pug-runtime/download/pug-runtime-3.0.1.tgz"
  integrity sha1-9jaXYgRyPzWoxfb61qzaKhkbg9c=

pug-strip-comments@^2.0.0:
  version "2.0.0"
  resolved "http://r.npm.sankuai.com/pug-strip-comments/download/pug-strip-comments-2.0.0.tgz"
  integrity sha1-+UsH/WtJVSMzD0kKf1VLT/h2MD4=
  dependencies:
    pug-error "^2.0.0"

pug-walk@^2.0.0:
  version "2.0.0"
  resolved "http://r.npm.sankuai.com/pug-walk/download/pug-walk-2.0.0.tgz"
  integrity sha1-QXqrwpIyu0SZtbUGmistKiTV9f4=

pug@^3.0.2:
  version "3.0.2"
  resolved "http://r.npm.sankuai.com/pug/download/pug-3.0.2.tgz"
  integrity sha1-81xxBzQ0VOQ7wnrg/3bHMbeOpTU=
  dependencies:
    pug-code-gen "^3.0.2"
    pug-filters "^4.0.0"
    pug-lexer "^5.0.1"
    pug-linker "^4.0.0"
    pug-load "^3.0.0"
    pug-parser "^6.0.0"
    pug-runtime "^3.0.1"
    pug-strip-comments "^2.0.0"

queue-microtask@^1.2.2:
  version "1.2.3"
  resolved "http://r.npm.sankuai.com/queue-microtask/download/queue-microtask-1.2.3.tgz"
  integrity sha1-SSkii7xyTfrEPg77BYyve2z7YkM=

readdirp@~3.6.0:
  version "3.6.0"
  resolved "http://r.npm.sankuai.com/readdirp/download/readdirp-3.6.0.tgz"
  integrity sha1-dKNwvYVxFuJFspzJc0DNQxoCpsc=
  dependencies:
    picomatch "^2.2.1"

request-light@^0.5.4:
  version "0.5.5"
  resolved "http://r.npm.sankuai.com/request-light/download/request-light-0.5.5.tgz"
  integrity sha1-JUqws4odshkhcLWZsFGBk04Ukys=

resolve@^1.15.1, resolve@^1.20.0:
  version "1.20.0"
  resolved "http://r.npm.sankuai.com/resolve/download/resolve-1.20.0.tgz"
  integrity sha1-YpoBP7P3B1XW8LeTXMHCxTeLGXU=
  dependencies:
    is-core-module "^2.2.0"
    path-parse "^1.0.6"

reusify@^1.0.4:
  version "1.0.4"
  resolved "http://r.npm.sankuai.com/reusify/download/reusify-1.0.4.tgz"
  integrity sha1-kNo4Kx4SbvwCFG6QhFqI2xKSXXY=

rollup@^2.59.0:
  version "2.61.1"
  resolved "http://r.npm.sankuai.com/rollup/download/rollup-2.61.1.tgz"
  integrity sha1-GlSR+EVDz55Mr2xhIi2aP48rpFQ=
  optionalDependencies:
    fsevents "~2.3.2"

run-parallel@^1.1.9:
  version "1.2.0"
  resolved "http://r.npm.sankuai.com/run-parallel/download/run-parallel-1.2.0.tgz"
  integrity sha1-ZtE2jae9+SHrnZW9GpIp5/IaQ+4=
  dependencies:
    queue-microtask "^1.2.2"

sass@^1.45.0:
  version "1.45.0"
  resolved "http://r.npm.sankuai.com/sass/download/sass-1.45.0.tgz#192ede1908324bb293a3e403d1841dbcaafdd323"
  integrity sha1-GS7eGQgyS7KTo+QD0YQdvKr90yM=
  dependencies:
    chokidar ">=3.0.0 <4.0.0"
    immutable "^4.0.0"
    source-map-js ">=0.6.2 <2.0.0"

semver@^7.0.0, semver@^7.3.5:
  version "7.3.5"
  resolved "http://r.npm.sankuai.com/semver/download/semver-7.3.5.tgz"
  integrity sha1-C2Ich5NI2JmOSw5L6Us/EuYBjvc=
  dependencies:
    lru-cache "^6.0.0"

"source-map-js@>=0.6.2 <2.0.0", source-map-js@^1.0.1:
  version "1.0.1"
  resolved "http://r.npm.sankuai.com/source-map-js/download/source-map-js-1.0.1.tgz"
  integrity sha1-oXQcEx48d9BIJSrfok4juQhnDK8=

source-map@^0.6.1:
  version "0.6.1"
  resolved "http://r.npm.sankuai.com/source-map/download/source-map-0.6.1.tgz"
  integrity sha1-dHIq8y6WFOnCh6jQu95IteLxomM=

sourcemap-codec@^1.4.4:
  version "1.4.8"
  resolved "http://r.npm.sankuai.com/sourcemap-codec/download/sourcemap-codec-1.4.8.tgz"
  integrity sha1-6oBL2UhXQC5pktBaOO8a41qatMQ=

to-fast-properties@^2.0.0:
  version "2.0.0"
  resolved "http://r.npm.sankuai.com/to-fast-properties/download/to-fast-properties-2.0.0.tgz"
  integrity sha1-3F5pjL0HkmW8c+A3doGk5Og/YW4=

to-regex-range@^5.0.1:
  version "5.0.1"
  resolved "http://r.npm.sankuai.com/to-regex-range/download/to-regex-range-5.0.1.tgz"
  integrity sha1-FkjESq58jZiKMmAY7XL1tN0DkuQ=
  dependencies:
    is-number "^7.0.0"

token-stream@1.0.0:
  version "1.0.0"
  resolved "http://r.npm.sankuai.com/token-stream/download/token-stream-1.0.0.tgz"
  integrity sha1-zCAOqyYT9BZtJ/+a/HylbUnfbrQ=

typescript@^4.4.4:
  version "4.5.3"
  resolved "http://r.npm.sankuai.com/typescript/download/typescript-4.5.3.tgz"
  integrity sha1-r6qFjmjHEDMX2J65DF2JBiaNNTw=

unplugin-auto-import@^0.5.3:
  version "0.5.3"
  resolved "http://r.npm.sankuai.com/unplugin-auto-import/download/unplugin-auto-import-0.5.3.tgz"
  integrity sha1-frUlG4MHWUGuKjFsc13d7VDzUj0=
  dependencies:
    "@antfu/utils" "^0.3.0"
    "@rollup/pluginutils" "^4.1.1"
    local-pkg "^0.4.0"
    magic-string "^0.25.7"
    resolve "^1.20.0"
    unplugin "^0.2.21"

unplugin-element-plus@^0.1.3:
  version "0.1.3"
  resolved "http://r.npm.sankuai.com/unplugin-element-plus/download/unplugin-element-plus-0.1.3.tgz#3fefadef8a2a965ff3a2846beae6ae651f194fee"
  integrity sha1-P++t74oqll/zooRr6uauZR8ZT+4=
  dependencies:
    "@rollup/pluginutils" "^4.1.1"
    es-module-lexer "^0.9.3"
    magic-string "^0.25.7"
    unplugin "^0.2.16"

unplugin-vue-components@^0.17.9:
  version "0.17.9"
  resolved "http://r.npm.sankuai.com/unplugin-vue-components/download/unplugin-vue-components-0.17.9.tgz"
  integrity sha1-oqzJtOBz9S34LSA2oxjXbwxmU4s=
  dependencies:
    "@antfu/utils" "^0.3.0"
    "@rollup/pluginutils" "^4.1.1"
    chokidar "^3.5.2"
    debug "^4.3.2"
    fast-glob "^3.2.7"
    local-pkg "^0.4.0"
    magic-string "^0.25.7"
    minimatch "^3.0.4"
    resolve "^1.20.0"
    unplugin "^0.2.21"

unplugin@^0.2.16, unplugin@^0.2.21:
  version "0.2.21"
  resolved "http://r.npm.sankuai.com/unplugin/download/unplugin-0.2.21.tgz"
  integrity sha1-eFLN3Z948LMogYEv0u/Vo53MZOU=
  dependencies:
    webpack-virtual-modules "^0.4.3"

upath@^2.0.1:
  version "2.0.1"
  resolved "http://r.npm.sankuai.com/upath/download/upath-2.0.1.tgz"
  integrity sha1-UMc96mjW9rmQ9R0nnOYIFmXWGos=

vite@^2.7.1:
  version "2.7.1"
  resolved "http://r.npm.sankuai.com/vite/download/vite-2.7.1.tgz"
  integrity sha1-vlCtEyFCkOy+u+WtOJ7UI8tfE34=
  dependencies:
    esbuild "^0.13.12"
    postcss "^8.3.11"
    resolve "^1.20.0"
    rollup "^2.59.0"
  optionalDependencies:
    fsevents "~2.3.2"

void-elements@^3.1.0:
  version "3.1.0"
  resolved "http://r.npm.sankuai.com/void-elements/download/void-elements-3.1.0.tgz"
  integrity sha1-YU9/v42AHwu18GYfWy9XhXUOTwk=

vscode-css-languageservice@^5.1.7:
  version "5.1.9"
  resolved "http://r.npm.sankuai.com/vscode-css-languageservice/download/vscode-css-languageservice-5.1.9.tgz"
  integrity sha1-nUc+XGH6bU1icZ2bhxX/bGRL8U4=
  dependencies:
    vscode-languageserver-textdocument "^1.0.1"
    vscode-languageserver-types "^3.16.0"
    vscode-nls "^5.0.0"
    vscode-uri "^3.0.2"

vscode-html-languageservice@^4.1.0:
  version "4.2.0"
  resolved "http://r.npm.sankuai.com/vscode-html-languageservice/download/vscode-html-languageservice-4.2.0.tgz"
  integrity sha1-h+ocZZtArgtvZiffdeXSVlCXfTA=
  dependencies:
    vscode-languageserver-textdocument "^1.0.1"
    vscode-languageserver-types "^3.16.0"
    vscode-nls "^5.0.0"
    vscode-uri "^3.0.2"

vscode-json-languageservice@^4.1.8:
  version "4.1.10"
  resolved "http://r.npm.sankuai.com/vscode-json-languageservice/download/vscode-json-languageservice-4.1.10.tgz"
  integrity sha1-XVcp/E8+AvQVmeAQRSOhh3wl8Ps=
  dependencies:
    jsonc-parser "^3.0.0"
    vscode-languageserver-textdocument "^1.0.1"
    vscode-languageserver-types "^3.16.0"
    vscode-nls "^5.0.0"
    vscode-uri "^3.0.2"

vscode-jsonrpc@8.0.0-next.4, vscode-jsonrpc@^8.0.0-next.2:
  version "8.0.0-next.4"
  resolved "http://r.npm.sankuai.com/vscode-jsonrpc/download/vscode-jsonrpc-8.0.0-next.4.tgz"
  integrity sha1-wNpeNTbAhi6BibFnijp8SQDm7L0=

vscode-languageserver-protocol@3.17.0-next.11:
  version "3.17.0-next.11"
  resolved "http://r.npm.sankuai.com/vscode-languageserver-protocol/download/vscode-languageserver-protocol-3.17.0-next.11.tgz"
  integrity sha1-DysrwNKAJkIjQORXE3PgGFmOLhY=
  dependencies:
    vscode-jsonrpc "8.0.0-next.4"
    vscode-languageserver-types "3.17.0-next.5"

vscode-languageserver-textdocument@^1.0.1:
  version "1.0.3"
  resolved "http://r.npm.sankuai.com/vscode-languageserver-textdocument/download/vscode-languageserver-textdocument-1.0.3.tgz"
  integrity sha1-h58mSb+lpuB7yLOSwj7eLfv0Pv8=

vscode-languageserver-types@3.17.0-next.5:
  version "3.17.0-next.5"
  resolved "http://r.npm.sankuai.com/vscode-languageserver-types/download/vscode-languageserver-types-3.17.0-next.5.tgz"
  integrity sha1-DRdtOdIV1Vv/yRlREvsrbYH/X7s=

vscode-languageserver-types@^3.15.1, vscode-languageserver-types@^3.16.0:
  version "3.16.0"
  resolved "http://r.npm.sankuai.com/vscode-languageserver-types/download/vscode-languageserver-types-3.16.0.tgz"
  integrity sha1-7POT/BIexpdLLaPvsxVWRMUU4kc=

vscode-languageserver@^8.0.0-next.2:
  version "8.0.0-next.5"
  resolved "http://r.npm.sankuai.com/vscode-languageserver/download/vscode-languageserver-8.0.0-next.5.tgz"
  integrity sha1-mffyXdZYofAAIZ9iwprlV4WPhQw=
  dependencies:
    vscode-languageserver-protocol "3.17.0-next.11"

vscode-nls@^5.0.0:
  version "5.0.0"
  resolved "http://r.npm.sankuai.com/vscode-nls/download/vscode-nls-5.0.0.tgz"
  integrity sha1-mfDaC9nqfNpE5WWnTFSx8rwleEA=

vscode-pug-languageservice@0.29.8:
  version "0.29.8"
  resolved "http://r.npm.sankuai.com/vscode-pug-languageservice/download/vscode-pug-languageservice-0.29.8.tgz"
  integrity sha1-PZX5dLwnPd2PWo+106yAZLLcY9E=
  dependencies:
    "@volar/code-gen" "0.29.8"
    "@volar/shared" "0.29.8"
    "@volar/source-map" "0.29.8"
    "@volar/transforms" "0.29.8"
    pug-lexer "^5.0.1"
    pug-parser "^6.0.0"
    vscode-languageserver "^8.0.0-next.2"

vscode-typescript-languageservice@0.29.8:
  version "0.29.8"
  resolved "http://r.npm.sankuai.com/vscode-typescript-languageservice/download/vscode-typescript-languageservice-0.29.8.tgz"
  integrity sha1-NwVy6Mmci4GQczpL/BtFxfkaoEQ=
  dependencies:
    "@volar/shared" "0.29.8"
    semver "^7.3.5"
    upath "^2.0.1"
    vscode-languageserver "^8.0.0-next.2"
    vscode-languageserver-textdocument "^1.0.1"

vscode-uri@^2.1.2:
  version "2.1.2"
  resolved "http://r.npm.sankuai.com/vscode-uri/download/vscode-uri-2.1.2.tgz"
  integrity sha1-yNQN6T61evMfPHFd1lDiyiwJbxw=

vscode-uri@^3.0.2:
  version "3.0.2"
  resolved "http://r.npm.sankuai.com/vscode-uri/download/vscode-uri-3.0.2.tgz"
  integrity sha1-7P0dBmy470w6II3s26uajCPQVdA=

vscode-vue-languageservice@0.29.8:
  version "0.29.8"
  resolved "http://r.npm.sankuai.com/vscode-vue-languageservice/download/vscode-vue-languageservice-0.29.8.tgz"
  integrity sha1-bVmqtPuUIVuZtvfQ4qtzur05jQU=
  dependencies:
    "@volar/code-gen" "0.29.8"
    "@volar/html2pug" "0.29.8"
    "@volar/shared" "0.29.8"
    "@volar/source-map" "0.29.8"
    "@volar/transforms" "0.29.8"
    "@volar/vue-code-gen" "0.29.8"
    "@vscode/emmet-helper" "^2.8.0"
    "@vue/reactivity" "^3.2.21"
    "@vue/shared" "^3.2.21"
    request-light "^0.5.4"
    upath "^2.0.1"
    vscode-css-languageservice "^5.1.7"
    vscode-html-languageservice "^4.1.0"
    vscode-json-languageservice "^4.1.8"
    vscode-languageserver "^8.0.0-next.2"
    vscode-languageserver-textdocument "^1.0.1"
    vscode-pug-languageservice "0.29.8"
    vscode-typescript-languageservice "0.29.8"

vue-demi@*:
  version "0.12.1"
  resolved "http://r.npm.sankuai.com/vue-demi/download/vue-demi-0.12.1.tgz#f7e18efbecffd11ab069d1472d7a06e319b4174c"
  integrity sha1-9+GO++z/0RqwadFHLXoG4xm0F0w=

vue-router@^4.0.12:
  version "4.0.12"
  resolved "http://r.npm.sankuai.com/vue-router/download/vue-router-4.0.12.tgz"
  integrity sha1-jceSzd9bsavMOQj5BkE23n4TxGA=
  dependencies:
    "@vue/devtools-api" "^6.0.0-beta.18"

vue-tsc@^0.29.8:
  version "0.29.8"
  resolved "http://r.npm.sankuai.com/vue-tsc/download/vue-tsc-0.29.8.tgz"
  integrity sha1-9NjeXdh1YQfIeEicz5F40tcv/0c=
  dependencies:
    "@volar/shared" "0.29.8"
    vscode-vue-languageservice "0.29.8"

vue@^3.2.25:
  version "3.2.26"
  resolved "http://r.npm.sankuai.com/vue/download/vue-3.2.26.tgz"
  integrity sha1-XbV1WD7K5JXHyqXBL9WQ3/y7dj4=
  dependencies:
    "@vue/compiler-dom" "3.2.26"
    "@vue/compiler-sfc" "3.2.26"
    "@vue/runtime-dom" "3.2.26"
    "@vue/server-renderer" "3.2.26"
    "@vue/shared" "3.2.26"

webpack-virtual-modules@^0.4.3:
  version "0.4.3"
  resolved "http://r.npm.sankuai.com/webpack-virtual-modules/download/webpack-virtual-modules-0.4.3.tgz"
  integrity sha1-zVl8bVHVpey0c+6hmDpY+ooX3tk=

with@^7.0.0:
  version "7.0.2"
  resolved "http://r.npm.sankuai.com/with/download/with-7.0.2.tgz"
  integrity sha1-zO461ULSVTinp6gKrSErmChJW6w=
  dependencies:
    "@babel/parser" "^7.9.6"
    "@babel/types" "^7.9.6"
    assert-never "^1.2.1"
    babel-walk "3.0.0-canary-5"

yallist@^4.0.0:
  version "4.0.0"
  resolved "http://r.npm.sankuai.com/yallist/download/yallist-4.0.0.tgz"
  integrity sha1-m7knkNnA7/7GO+c1GeEaNQGaOnI=
